
Microsoft Visual Studio Solution File, Format Version 12.00
# Visual Studio Version 17
VisualStudioVersion = 17.13.35919.96 d17.13
MinimumVisualStudioVersion = 10.0.40219.1
Project("{FAE04EC0-301F-11D3-BF4B-00C04F79EFBC}") = "BigBrotherSRV", "BigBrotherSRV\BigBrotherSRV.csproj", "{020C8F51-4451-41B8-83D2-FC5E705E2F61}"
EndProject
Global
	GlobalSection(SolutionConfigurationPlatforms) = preSolution
		Debug|Any CPU = Debug|Any CPU
		Release|Any CPU = Release|Any CPU
	EndGlobalSection
	GlobalSection(ProjectConfigurationPlatforms) = postSolution
		{020C8F51-4451-41B8-83D2-FC5E705E2F61}.Debug|Any CPU.ActiveCfg = Debug|Any CPU
		{020C8F51-4451-41B8-83D2-FC5E705E2F61}.Debug|Any CPU.Build.0 = Debug|Any CPU
		{020C8F51-4451-41B8-83D2-FC5E705E2F61}.Release|Any CPU.ActiveCfg = Release|Any CPU
		{020C8F51-4451-41B8-83D2-FC5E705E2F61}.Release|Any CPU.Build.0 = Release|Any CPU
	EndGlobalSection
	GlobalSection(SolutionProperties) = preSolution
		HideSolutionNode = FALSE
	EndGlobalSection
	GlobalSection(ExtensibilityGlobals) = postSolution
		SolutionGuid = {88689B6B-B401-4221-B6EA-B1F93D5DC1D0}
	EndGlobalSection
EndGlobal
